
Microsoft Visual Studio Solution File, Format Version 12.00
# Visual Studio Version 17
VisualStudioVersion = 17.3.32901.215
MinimumVisualStudioVersion = 10.0.40219.1
Project("{FAE04EC0-301F-11D3-BF4B-00C04F79EFBC}") = "3.FileHandling", "3.FileHandling\3.FileHandling.csproj", "{195EC00D-AB27-4972-ACB3-35BAC0CA4193}"
EndProject
Global
	GlobalSection(SolutionConfigurationPlatforms) = preSolution
		Debug|Any CPU = Debug|Any CPU
		Release|Any CPU = Release|Any CPU
	EndGlobalSection
	GlobalSection(ProjectConfigurationPlatforms) = postSolution
		{195EC00D-AB27-4972-ACB3-35BAC0CA4193}.Debug|Any CPU.ActiveCfg = Debug|Any CPU
		{195EC00D-AB27-4972-ACB3-35BAC0CA4193}.Debug|Any CPU.Build.0 = Debug|Any CPU
		{195EC00D-AB27-4972-ACB3-35BAC0CA4193}.Release|Any CPU.ActiveCfg = Release|Any CPU
		{195EC00D-AB27-4972-ACB3-35BAC0CA4193}.Release|Any CPU.Build.0 = Release|Any CPU
	EndGlobalSection
	GlobalSection(SolutionProperties) = preSolution
		HideSolutionNode = FALSE
	EndGlobalSection
	GlobalSection(ExtensibilityGlobals) = postSolution
		SolutionGuid = {84630316-D399-48FC-923B-A3BCF0D0B321}
	EndGlobalSection
EndGlobal
