
Microsoft Visual Studio Solution File, Format Version 12.00
# Visual Studio Version 17
VisualStudioVersion = 17.3.32901.215
MinimumVisualStudioVersion = 10.0.40219.1
Project("{FAE04EC0-301F-11D3-BF4B-00C04F79EFBC}") = "AssignmentSolution", "AssignmentSolution\AssignmentSolution.csproj", "{4AE08CD7-9ABC-46C2-890B-69A632024F5D}"
EndProject
Global
	GlobalSection(SolutionConfigurationPlatforms) = preSolution
		Debug|Any CPU = Debug|Any CPU
		Release|Any CPU = Release|Any CPU
	EndGlobalSection
	GlobalSection(ProjectConfigurationPlatforms) = postSolution
		{4AE08CD7-9ABC-46C2-890B-69A632024F5D}.Debug|Any CPU.ActiveCfg = Debug|Any CPU
		{4AE08CD7-9ABC-46C2-890B-69A632024F5D}.Debug|Any CPU.Build.0 = Debug|Any CPU
		{4AE08CD7-9ABC-46C2-890B-69A632024F5D}.Release|Any CPU.ActiveCfg = Release|Any CPU
		{4AE08CD7-9ABC-46C2-890B-69A632024F5D}.Release|Any CPU.Build.0 = Release|Any CPU
	EndGlobalSection
	GlobalSection(SolutionProperties) = preSolution
		HideSolutionNode = FALSE
	EndGlobalSection
	GlobalSection(ExtensibilityGlobals) = postSolution
		SolutionGuid = {80A56F02-8E57-48C7-8E94-4A1799C48D51}
	EndGlobalSection
EndGlobal
